// !$*UTF8*$!
{
	archiveVersion = 1;
	classes = {
	};
	objectVersion = 56;
	objects = {

/* Begin PBXBuildFile section */
		9F3D42D22A0C33950042DC0E /* Episode.swift in Sources */ = {isa = PBXBuildFile; fileRef = 9F3D42D12A0C33950042DC0E /* Episode.swift */; };
		9F3DFF112A0C1CB6008F6976 /* AppDelegate.swift in Sources */ = {isa = PBXBuildFile; fileRef = 9F3DFF102A0C1CB6008F6976 /* AppDelegate.swift */; };
		9F3DFF132A0C1CB6008F6976 /* SceneDelegate.swift in Sources */ = {isa = PBXBuildFile; fileRef = 9F3DFF122A0C1CB6008F6976 /* SceneDelegate.swift */; };
		9F3DFF182A0C1CB6008F6976 /* Main.storyboard in Resources */ = {isa = PBXBuildFile; fileRef = 9F3DFF162A0C1CB6008F6976 /* Main.storyboard */; };
		9F3DFF1A2A0C1CB7008F6976 /* Assets.xcassets in Resources */ = {isa = PBXBuildFile; fileRef = 9F3DFF192A0C1CB7008F6976 /* Assets.xcassets */; };
		9F3DFF1D2A0C1CB7008F6976 /* LaunchScreen.storyboard in Resources */ = {isa = PBXBuildFile; fileRef = 9F3DFF1B2A0C1CB7008F6976 /* LaunchScreen.storyboard */; };
		9F3DFF252A0C1D04008F6976 /* RickAndMortyViewController.swift in Sources */ = {isa = PBXBuildFile; fileRef = 9F3DFF242A0C1D04008F6976 /* RickAndMortyViewController.swift */; };
		9F3DFF2D2A0C21B5008F6976 /* EpisodeViewCell.swift in Sources */ = {isa = PBXBuildFile; fileRef = 9F3DFF2C2A0C21B5008F6976 /* EpisodeViewCell.swift */; };
		9F9EF6A52A0FD7B400BA65F3 /* Alamofire in Frameworks */ = {isa = PBXBuildFile; productRef = 9F9EF6A42A0FD7B400BA65F3 /* Alamofire */; };
		9FA0D2482A0ECC9600910F52 /* NetworkManager.swift in Sources */ = {isa = PBXBuildFile; fileRef = 9FA0D2472A0ECC9600910F52 /* NetworkManager.swift */; };
/* End PBXBuildFile section */

/* Begin PBXFileReference section */
		9F3D42D12A0C33950042DC0E /* Episode.swift */ = {isa = PBXFileReference; lastKnownFileType = sourcecode.swift; path = Episode.swift; sourceTree = "<group>"; };
		9F3DFF0D2A0C1CB6008F6976 /* RickAndMorty.app */ = {isa = PBXFileReference; explicitFileType = wrapper.application; includeInIndex = 0; path = RickAndMorty.app; sourceTree = BUILT_PRODUCTS_DIR; };
		9F3DFF102A0C1CB6008F6976 /* AppDelegate.swift */ = {isa = PBXFileReference; lastKnownFileType = sourcecode.swift; path = AppDelegate.swift; sourceTree = "<group>"; };
		9F3DFF122A0C1CB6008F6976 /* SceneDelegate.swift */ = {isa = PBXFileReference; lastKnownFileType = sourcecode.swift; path = SceneDelegate.swift; sourceTree = "<group>"; };
		9F3DFF172A0C1CB6008F6976 /* Base */ = {isa = PBXFileReference; lastKnownFileType = file.storyboard; name = Base; path = Base.lproj/Main.storyboard; sourceTree = "<group>"; };
		9F3DFF192A0C1CB7008F6976 /* Assets.xcassets */ = {isa = PBXFileReference; lastKnownFileType = folder.assetcatalog; path = Assets.xcassets; sourceTree = "<group>"; };
		9F3DFF1C2A0C1CB7008F6976 /* Base */ = {isa = PBXFileReference; lastKnownFileType = file.storyboard; name = Base; path = Base.lproj/LaunchScreen.storyboard; sourceTree = "<group>"; };
		9F3DFF1E2A0C1CB7008F6976 /* Info.plist */ = {isa = PBXFileReference; lastKnownFileType = text.plist.xml; path = Info.plist; sourceTree = "<group>"; };
		9F3DFF242A0C1D04008F6976 /* RickAndMortyViewController.swift */ = {isa = PBXFileReference; lastKnownFileType = sourcecode.swift; path = RickAndMortyViewController.swift; sourceTree = "<group>"; };
		9F3DFF2C2A0C21B5008F6976 /* EpisodeViewCell.swift */ = {isa = PBXFileReference; lastKnownFileType = sourcecode.swift; path = EpisodeViewCell.swift; sourceTree = "<group>"; };
		9FA0D2472A0ECC9600910F52 /* NetworkManager.swift */ = {isa = PBXFileReference; lastKnownFileType = sourcecode.swift; path = NetworkManager.swift; sourceTree = "<group>"; };
/* End PBXFileReference section */

/* Begin PBXFrameworksBuildPhase section */
		9F3DFF0A2A0C1CB6008F6976 /* Frameworks */ = {
			isa = PBXFrameworksBuildPhase;
			buildActionMask = 2147483647;
			files = (
				9F9EF6A52A0FD7B400BA65F3 /* Alamofire in Frameworks */,
			);
			runOnlyForDeploymentPostprocessing = 0;
		};
/* End PBXFrameworksBuildPhase section */

/* Begin PBXGroup section */
		9F3DFF042A0C1CB6008F6976 = {
			isa = PBXGroup;
			children = (
				9F3DFF0F2A0C1CB6008F6976 /* RickAndMorty */,
				9F3DFF0E2A0C1CB6008F6976 /* Products */,
			);
			sourceTree = "<group>";
		};
		9F3DFF0E2A0C1CB6008F6976 /* Products */ = {
			isa = PBXGroup;
			children = (
				9F3DFF0D2A0C1CB6008F6976 /* RickAndMorty.app */,
			);
			name = Products;
			sourceTree = "<group>";
		};
		9F3DFF0F2A0C1CB6008F6976 /* RickAndMorty */ = {
			isa = PBXGroup;
			children = (
				9F3DFF262A0C1DD1008F6976 /* ViewControllers */,
				9F3DFF292A0C1DFF008F6976 /* Models */,
				9F3DFF2E2A0C21B9008F6976 /* Views */,
				9FA0D2462A0ECC5000910F52 /* Servises */,
				9F3DFF2A2A0C1E14008F6976 /* Storyboards */,
				9F3DFF2B2A0C1E2A008F6976 /* App */,
				9F3DFF192A0C1CB7008F6976 /* Assets.xcassets */,
				9F3DFF1E2A0C1CB7008F6976 /* Info.plist */,
			);
			path = RickAndMorty;
			sourceTree = "<group>";
		};
		9F3DFF262A0C1DD1008F6976 /* ViewControllers */ = {
			isa = PBXGroup;
			children = (
				9F3DFF242A0C1D04008F6976 /* RickAndMortyViewController.swift */,
			);
			path = ViewControllers;
			sourceTree = "<group>";
		};
		9F3DFF292A0C1DFF008F6976 /* Models */ = {
			isa = PBXGroup;
			children = (
				9F3D42D12A0C33950042DC0E /* Episode.swift */,
			);
			path = Models;
			sourceTree = "<group>";
		};
		9F3DFF2A2A0C1E14008F6976 /* Storyboards */ = {
			isa = PBXGroup;
			children = (
				9F3DFF162A0C1CB6008F6976 /* Main.storyboard */,
				9F3DFF1B2A0C1CB7008F6976 /* LaunchScreen.storyboard */,
			);
			path = Storyboards;
			sourceTree = "<group>";
		};
		9F3DFF2B2A0C1E2A008F6976 /* App */ = {
			isa = PBXGroup;
			children = (
				9F3DFF122A0C1CB6008F6976 /* SceneDelegate.swift */,
				9F3DFF102A0C1CB6008F6976 /* AppDelegate.swift */,
			);
			path = App;
			sourceTree = "<group>";
		};
		9F3DFF2E2A0C21B9008F6976 /* Views */ = {
			isa = PBXGroup;
			children = (
				9F3DFF2C2A0C21B5008F6976 /* EpisodeViewCell.swift */,
			);
			path = Views;
			sourceTree = "<group>";
		};
		9FA0D2462A0ECC5000910F52 /* Servises */ = {
			isa = PBXGroup;
			children = (
				9FA0D2472A0ECC9600910F52 /* NetworkManager.swift */,
			);
			path = Servises;
			sourceTree = "<group>";
		};
/* End PBXGroup section */

/* Begin PBXNativeTarget section */
		9F3DFF0C2A0C1CB6008F6976 /* RickAndMorty */ = {
			isa = PBXNativeTarget;
			buildConfigurationList = 9F3DFF212A0C1CB7008F6976 /* Build configuration list for PBXNativeTarget "RickAndMorty" */;
			buildPhases = (
				9F3DFF092A0C1CB6008F6976 /* Sources */,
				9F3DFF0A2A0C1CB6008F6976 /* Frameworks */,
				9F3DFF0B2A0C1CB6008F6976 /* Resources */,
			);
			buildRules = (
			);
			dependencies = (
			);
			name = RickAndMorty;
			packageProductDependencies = (
				9F9EF6A42A0FD7B400BA65F3 /* Alamofire */,
			);
			productName = RickAndMorty;
			productReference = 9F3DFF0D2A0C1CB6008F6976 /* RickAndMorty.app */;
			productType = "com.apple.product-type.application";
		};
/* End PBXNativeTarget section */

/* Begin PBXProject section */
		9F3DFF052A0C1CB6008F6976 /* Project object */ = {
			isa = PBXProject;
			attributes = {
				BuildIndependentTargetsInParallel = 1;
				LastSwiftUpdateCheck = 1430;
				LastUpgradeCheck = 1430;
				TargetAttributes = {
					9F3DFF0C2A0C1CB6008F6976 = {
						CreatedOnToolsVersion = 14.3;
					};
				};
			};
			buildConfigurationList = 9F3DFF082A0C1CB6008F6976 /* Build configuration list for PBXProject "RickAndMorty" */;
			compatibilityVersion = "Xcode 14.0";
			developmentRegion = en;
			hasScannedForEncodings = 0;
			knownRegions = (
				en,
				Base,
			);
			mainGroup = 9F3DFF042A0C1CB6008F6976;
			packageReferences = (
				9F9EF6A32A0FD7B400BA65F3 /* XCRemoteSwiftPackageReference "Alamofire" */,
			);
			productRefGroup = 9F3DFF0E2A0C1CB6008F6976 /* Products */;
			projectDirPath = "";
			projectRoot = "";
			targets = (
				9F3DFF0C2A0C1CB6008F6976 /* RickAndMorty */,
			);
		};
/* End PBXProject section */

/* Begin PBXResourcesBuildPhase section */
		9F3DFF0B2A0C1CB6008F6976 /* Resources */ = {
			isa = PBXResourcesBuildPhase;
			buildActionMask = 2147483647;
			files = (
				9F3DFF1D2A0C1CB7008F6976 /* LaunchScreen.storyboard in Resources */,
				9F3DFF1A2A0C1CB7008F6976 /* Assets.xcassets in Resources */,
				9F3DFF182A0C1CB6008F6976 /* Main.storyboard in Resources */,
			);
			runOnlyForDeploymentPostprocessing = 0;
		};
/* End PBXResourcesBuildPhase section */

/* Begin PBXSourcesBuildPhase section */
		9F3DFF092A0C1CB6008F6976 /* Sources */ = {
			isa = PBXSourcesBuildPhase;
			buildActionMask = 2147483647;
			files = (
				9FA0D2482A0ECC9600910F52 /* NetworkManager.swift in Sources */,
				9F3DFF112A0C1CB6008F6976 /* AppDelegate.swift in Sources */,
				9F3D42D22A0C33950042DC0E /* Episode.swift in Sources */,
				9F3DFF252A0C1D04008F6976 /* RickAndMortyViewController.swift in Sources */,
				9F3DFF2D2A0C21B5008F6976 /* EpisodeViewCell.swift in Sources */,
				9F3DFF132A0C1CB6008F6976 /* SceneDelegate.swift in Sources */,
			);
			runOnlyForDeploymentPostprocessing = 0;
		};
/* End PBXSourcesBuildPhase section */

/* Begin PBXVariantGroup section */
		9F3DFF162A0C1CB6008F6976 /* Main.storyboard */ = {
			isa = PBXVariantGroup;
			children = (
				9F3DFF172A0C1CB6008F6976 /* Base */,
			);
			name = Main.storyboard;
			sourceTree = "<group>";
		};
		9F3DFF1B2A0C1CB7008F6976 /* LaunchScreen.storyboard */ = {
			isa = PBXVariantGroup;
			children = (
				9F3DFF1C2A0C1CB7008F6976 /* Base */,
			);
			name = LaunchScreen.storyboard;
			sourceTree = "<group>";
		};
/* End PBXVariantGroup section */

/* Begin XCBuildConfiguration section */
		9F3DFF1F2A0C1CB7008F6976 /* Debug */ = {
			isa = XCBuildConfiguration;
			buildSettings = {
				ALWAYS_SEARCH_USER_PATHS = NO;
				CLANG_ANALYZER_NONNULL = YES;
				CLANG_ANALYZER_NUMBER_OBJECT_CONVERSION = YES_AGGRESSIVE;
				CLANG_CXX_LANGUAGE_STANDARD = "gnu++20";
				CLANG_ENABLE_MODULES = YES;
				CLANG_ENABLE_OBJC_ARC = YES;
				CLANG_ENABLE_OBJC_WEAK = YES;
				CLANG_WARN_BLOCK_CAPTURE_AUTORELEASING = YES;
				CLANG_WARN_BOOL_CONVERSION = YES;
				CLANG_WARN_COMMA = YES;
				CLANG_WARN_CONSTANT_CONVERSION = YES;
				CLANG_WARN_DEPRECATED_OBJC_IMPLEMENTATIONS = YES;
				CLANG_WARN_DIRECT_OBJC_ISA_USAGE = YES_ERROR;
				CLANG_WARN_DOCUMENTATION_COMMENTS = YES;
				CLANG_WARN_EMPTY_BODY = YES;
				CLANG_WARN_ENUM_CONVERSION = YES;
				CLANG_WARN_INFINITE_RECURSION = YES;
				CLANG_WARN_INT_CONVERSION = YES;
				CLANG_WARN_NON_LITERAL_NULL_CONVERSION = YES;
				CLANG_WARN_OBJC_IMPLICIT_RETAIN_SELF = YES;
				CLANG_WARN_OBJC_LITERAL_CONVERSION = YES;
				CLANG_WARN_OBJC_ROOT_CLASS = YES_ERROR;
				CLANG_WARN_QUOTED_INCLUDE_IN_FRAMEWORK_HEADER = YES;
				CLANG_WARN_RANGE_LOOP_ANALYSIS = YES;
				CLANG_WARN_STRICT_PROTOTYPES = YES;
				CLANG_WARN_SUSPICIOUS_MOVE = YES;
				CLANG_WARN_UNGUARDED_AVAILABILITY = YES_AGGRESSIVE;
				CLANG_WARN_UNREACHABLE_CODE = YES;
				CLANG_WARN__DUPLICATE_METHOD_MATCH = YES;
				COPY_PHASE_STRIP = NO;
				DEBUG_INFORMATION_FORMAT = dwarf;
				ENABLE_STRICT_OBJC_MSGSEND = YES;
				ENABLE_TESTABILITY = YES;
				GCC_C_LANGUAGE_STANDARD = gnu11;
				GCC_DYNAMIC_NO_PIC = NO;
				GCC_NO_COMMON_BLOCKS = YES;
				GCC_OPTIMIZATION_LEVEL = 0;
				GCC_PREPROCESSOR_DEFINITIONS = (
					"DEBUG=1",
					"$(inherited)",
				);
				GCC_WARN_64_TO_32_BIT_CONVERSION = YES;
				GCC_WARN_ABOUT_RETURN_TYPE = YES_ERROR;
				GCC_WARN_UNDECLARED_SELECTOR = YES;
				GCC_WARN_UNINITIALIZED_AUTOS = YES_AGGRESSIVE;
				GCC_WARN_UNUSED_FUNCTION = YES;
				GCC_WARN_UNUSED_VARIABLE = YES;
				IPHONEOS_DEPLOYMENT_TARGET = 16.4;
				MTL_ENABLE_DEBUG_INFO = INCLUDE_SOURCE;
				MTL_FAST_MATH = YES;
				ONLY_ACTIVE_ARCH = YES;
				SDKROOT = iphoneos;
				SWIFT_ACTIVE_COMPILATION_CONDITIONS = DEBUG;
				SWIFT_OPTIMIZATION_LEVEL = "-Onone";
			};
			name = Debug;
		};
		9F3DFF202A0C1CB7008F6976 /* Release */ = {
			isa = XCBuildConfiguration;
			buildSettings = {
				ALWAYS_SEARCH_USER_PATHS = NO;
				CLANG_ANALYZER_NONNULL = YES;
				CLANG_ANALYZER_NUMBER_OBJECT_CONVERSION = YES_AGGRESSIVE;
				CLANG_CXX_LANGUAGE_STANDARD = "gnu++20";
				CLANG_ENABLE_MODULES = YES;
				CLANG_ENABLE_OBJC_ARC = YES;
				CLANG_ENABLE_OBJC_WEAK = YES;
				CLANG_WARN_BLOCK_CAPTURE_AUTORELEASING = YES;
				CLANG_WARN_BOOL_CONVERSION = YES;
				CLANG_WARN_COMMA = YES;
				CLANG_WARN_CONSTANT_CONVERSION = YES;
				CLANG_WARN_DEPRECATED_OBJC_IMPLEMENTATIONS = YES;
				CLANG_WARN_DIRECT_OBJC_ISA_USAGE = YES_ERROR;
				CLANG_WARN_DOCUMENTATION_COMMENTS = YES;
				CLANG_WARN_EMPTY_BODY = YES;
				CLANG_WARN_ENUM_CONVERSION = YES;
				CLANG_WARN_INFINITE_RECURSION = YES;
				CLANG_WARN_INT_CONVERSION = YES;
				CLANG_WARN_NON_LITERAL_NULL_CONVERSION = YES;
				CLANG_WARN_OBJC_IMPLICIT_RETAIN_SELF = YES;
				CLANG_WARN_OBJC_LITERAL_CONVERSION = YES;
				CLANG_WARN_OBJC_ROOT_CLASS = YES_ERROR;
				CLANG_WARN_QUOTED_INCLUDE_IN_FRAMEWORK_HEADER = YES;
				CLANG_WARN_RANGE_LOOP_ANALYSIS = YES;
				CLANG_WARN_STRICT_PROTOTYPES = YES;
				CLANG_WARN_SUSPICIOUS_MOVE = YES;
				CLANG_WARN_UNGUARDED_AVAILABILITY = YES_AGGRESSIVE;
				CLANG_WARN_UNREACHABLE_CODE = YES;
				CLANG_WARN__DUPLICATE_METHOD_MATCH = YES;
				COPY_PHASE_STRIP = NO;
				DEBUG_INFORMATION_FORMAT = "dwarf-with-dsym";
				ENABLE_NS_ASSERTIONS = NO;
				ENABLE_STRICT_OBJC_MSGSEND = YES;
				GCC_C_LANGUAGE_STANDARD = gnu11;
				GCC_NO_COMMON_BLOCKS = YES;
				GCC_WARN_64_TO_32_BIT_CONVERSION = YES;
				GCC_WARN_ABOUT_RETURN_TYPE = YES_ERROR;
				GCC_WARN_UNDECLARED_SELECTOR = YES;
				GCC_WARN_UNINITIALIZED_AUTOS = YES_AGGRESSIVE;
				GCC_WARN_UNUSED_FUNCTION = YES;
				GCC_WARN_UNUSED_VARIABLE = YES;
				IPHONEOS_DEPLOYMENT_TARGET = 16.4;
				MTL_ENABLE_DEBUG_INFO = NO;
				MTL_FAST_MATH = YES;
				SDKROOT = iphoneos;
				SWIFT_COMPILATION_MODE = wholemodule;
				SWIFT_OPTIMIZATION_LEVEL = "-O";
				VALIDATE_PRODUCT = YES;
			};
			name = Release;
		};
		9F3DFF222A0C1CB7008F6976 /* Debug */ = {
			isa = XCBuildConfiguration;
			buildSettings = {
				ASSETCATALOG_COMPILER_APPICON_NAME = AppIcon;
				ASSETCATALOG_COMPILER_GLOBAL_ACCENT_COLOR_NAME = AccentColor;
				CODE_SIGN_STYLE = Automatic;
				CURRENT_PROJECT_VERSION = 1;
				DEVELOPMENT_TEAM = CY5RNY433D;
				GENERATE_INFOPLIST_FILE = YES;
				INFOPLIST_FILE = RickAndMorty/Info.plist;
				INFOPLIST_KEY_UIApplicationSupportsIndirectInputEvents = YES;
				INFOPLIST_KEY_UILaunchStoryboardName = LaunchScreen;
				INFOPLIST_KEY_UIMainStoryboardFile = Main;
				INFOPLIST_KEY_UISupportedInterfaceOrientations = UIInterfaceOrientationPortrait;
				INFOPLIST_KEY_UISupportedInterfaceOrientations_iPad = "UIInterfaceOrientationLandscapeLeft UIInterfaceOrientationLandscapeRight UIInterfaceOrientationPortrait UIInterfaceOrientationPortraitUpsideDown";
				LD_RUNPATH_SEARCH_PATHS = (
					"$(inherited)",
					"@executable_path/Frameworks",
				);
				MARKETING_VERSION = 1.0;
				PRODUCT_BUNDLE_IDENTIFIER = com.alexeykanaev.RickAndMorty;
				PRODUCT_NAME = "$(TARGET_NAME)";
				SUPPORTED_PLATFORMS = "iphoneos iphonesimulator";
				SUPPORTS_MACCATALYST = NO;
				SUPPORTS_MAC_DESIGNED_FOR_IPHONE_IPAD = NO;
				SWIFT_EMIT_LOC_STRINGS = YES;
				SWIFT_VERSION = 5.0;
				TARGETED_DEVICE_FAMILY = 1;
			};
			name = Debug;
		};
		9F3DFF232A0C1CB7008F6976 /* Release */ = {
			isa = XCBuildConfiguration;
			buildSettings = {
				ASSETCATALOG_COMPILER_APPICON_NAME = AppIcon;
				ASSETCATALOG_COMPILER_GLOBAL_ACCENT_COLOR_NAME = AccentColor;
				CODE_SIGN_STYLE = Automatic;
				CURRENT_PROJECT_VERSION = 1;
				DEVELOPMENT_TEAM = CY5RNY433D;
				GENERATE_INFOPLIST_FILE = YES;
				INFOPLIST_FILE = RickAndMorty/Info.plist;
				INFOPLIST_KEY_UIApplicationSupportsIndirectInputEvents = YES;
				INFOPLIST_KEY_UILaunchStoryboardName = LaunchScreen;
				INFOPLIST_KEY_UIMainStoryboardFile = Main;
				INFOPLIST_KEY_UISupportedInterfaceOrientations = UIInterfaceOrientationPortrait;
				INFOPLIST_KEY_UISupportedInterfaceOrientations_iPad = "UIInterfaceOrientationLandscapeLeft UIInterfaceOrientationLandscapeRight UIInterfaceOrientationPortrait UIInterfaceOrientationPortraitUpsideDown";
				LD_RUNPATH_SEARCH_PATHS = (
					"$(inherited)",
					"@executable_path/Frameworks",
				);
				MARKETING_VERSION = 1.0;
				PRODUCT_BUNDLE_IDENTIFIER = com.alexeykanaev.RickAndMorty;
				PRODUCT_NAME = "$(TARGET_NAME)";
				SUPPORTED_PLATFORMS = "iphoneos iphonesimulator";
				SUPPORTS_MACCATALYST = NO;
				SUPPORTS_MAC_DESIGNED_FOR_IPHONE_IPAD = NO;
				SWIFT_EMIT_LOC_STRINGS = YES;
				SWIFT_VERSION = 5.0;
				TARGETED_DEVICE_FAMILY = 1;
			};
			name = Release;
		};
/* End XCBuildConfiguration section */

/* Begin XCConfigurationList section */
		9F3DFF082A0C1CB6008F6976 /* Build configuration list for PBXProject "RickAndMorty" */ = {
			isa = XCConfigurationList;
			buildConfigurations = (
				9F3DFF1F2A0C1CB7008F6976 /* Debug */,
				9F3DFF202A0C1CB7008F6976 /* Release */,
			);
			defaultConfigurationIsVisible = 0;
			defaultConfigurationName = Release;
		};
		9F3DFF212A0C1CB7008F6976 /* Build configuration list for PBXNativeTarget "RickAndMorty" */ = {
			isa = XCConfigurationList;
			buildConfigurations = (
				9F3DFF222A0C1CB7008F6976 /* Debug */,
				9F3DFF232A0C1CB7008F6976 /* Release */,
			);
			defaultConfigurationIsVisible = 0;
			defaultConfigurationName = Release;
		};
/* End XCConfigurationList section */

/* Begin XCRemoteSwiftPackageReference section */
		9F9EF6A32A0FD7B400BA65F3 /* XCRemoteSwiftPackageReference "Alamofire" */ = {
			isa = XCRemoteSwiftPackageReference;
			repositoryURL = "https://github.com/Alamofire/Alamofire.git";
			requirement = {
				kind = exactVersion;
				version = 5.0.0;
			};
		};
/* End XCRemoteSwiftPackageReference section */

/* Begin XCSwiftPackageProductDependency section */
		9F9EF6A42A0FD7B400BA65F3 /* Alamofire */ = {
			isa = XCSwiftPackageProductDependency;
			package = 9F9EF6A32A0FD7B400BA65F3 /* XCRemoteSwiftPackageReference "Alamofire" */;
			productName = Alamofire;
		};
/* End XCSwiftPackageProductDependency section */
	};
	rootObject = 9F3DFF052A0C1CB6008F6976 /* Project object */;
}
